
Microsoft Visual Studio Solution File, Format Version 12.00
# Visual Studio 2012
Project("{FAE04EC0-301F-11D3-BF4B-00C04F79EFBC}") = "TFSTestMigrationTool", "TFSTestPlanMigrationTool\TFSTestPlanMigrationTool.csproj", "{279B62FB-8FD8-459D-A784-4C110592241D}"
EndProject
Global
	GlobalSection(SolutionConfigurationPlatforms) = preSolution
		Debug|Any CPU = Debug|Any CPU
		Release|Any CPU = Release|Any CPU
	EndGlobalSection
	GlobalSection(ProjectConfigurationPlatforms) = postSolution
		{279B62FB-8FD8-459D-A784-4C110592241D}.Debug|Any CPU.ActiveCfg = Debug|Any CPU
		{279B62FB-8FD8-459D-A784-4C110592241D}.Debug|Any CPU.Build.0 = Debug|Any CPU
		{279B62FB-8FD8-459D-A784-4C110592241D}.Release|Any CPU.ActiveCfg = Release|Any CPU
		{279B62FB-8FD8-459D-A784-4C110592241D}.Release|Any CPU.Build.0 = Release|Any CPU
	EndGlobalSection
	GlobalSection(SolutionProperties) = preSolution
		HideSolutionNode = FALSE
	EndGlobalSection
EndGlobal
